
Microsoft Visual Studio Solution File, Format Version 12.00
# Visual Studio Version 18
VisualStudioVersion = 18.9.12023.133 insiders
MinimumVisualStudioVersion = 10.0.40219.1
Project("{FAE04EC0-301F-11D3-BF4B-00C04F79EFBC}") = "IgbSplitterDemo", "IgbSplitterDemo.csproj", "{D9B5417D-5A8D-4822-9AD0-6AD2E6CF41E6}"
EndProject
Global
	GlobalSection(SolutionConfigurationPlatforms) = preSolution
		Debug|Any CPU = Debug|Any CPU
		Release|Any CPU = Release|Any CPU
	EndGlobalSection
	GlobalSection(ProjectConfigurationPlatforms) = postSolution
		{D9B5417D-5A8D-4822-9AD0-6AD2E6CF41E6}.Debug|Any CPU.ActiveCfg = Debug|Any CPU
		{D9B5417D-5A8D-4822-9AD0-6AD2E6CF41E6}.Debug|Any CPU.Build.0 = Debug|Any CPU
		{D9B5417D-5A8D-4822-9AD0-6AD2E6CF41E6}.Release|Any CPU.ActiveCfg = Release|Any CPU
		{D9B5417D-5A8D-4822-9AD0-6AD2E6CF41E6}.Release|Any CPU.Build.0 = Release|Any CPU
	EndGlobalSection
	GlobalSection(SolutionProperties) = preSolution
		HideSolutionNode = FALSE
	EndGlobalSection
	GlobalSection(ExtensibilityGlobals) = postSolution
		SolutionGuid = {D128A998-4912-4FAB-A02E-0D14C913AF80}
	EndGlobalSection
EndGlobal
